
Microsoft Visual Studio Solution File, Format Version 12.00
# Visual Studio Version 16
VisualStudioVersion = 16.0.30711.63
MinimumVisualStudioVersion = 10.0.40219.1
Project("{F184B08F-C81C-45F6-A57F-5ABD9991F28F}") = "AquariumVolumneCalcApp", "AquariumVolumneCalcApp\AquariumVolumneCalcApp.vbproj", "{F7A1CFC7-C1B5-4976-933B-CE098FC9D876}"
EndProject
Global
	GlobalSection(SolutionConfigurationPlatforms) = preSolution
		Debug|Any CPU = Debug|Any CPU
		Release|Any CPU = Release|Any CPU
	EndGlobalSection
	GlobalSection(ProjectConfigurationPlatforms) = postSolution
		{F7A1CFC7-C1B5-4976-933B-CE098FC9D876}.Debug|Any CPU.ActiveCfg = Debug|Any CPU
		{F7A1CFC7-C1B5-4976-933B-CE098FC9D876}.Debug|Any CPU.Build.0 = Debug|Any CPU
		{F7A1CFC7-C1B5-4976-933B-CE098FC9D876}.Release|Any CPU.ActiveCfg = Release|Any CPU
		{F7A1CFC7-C1B5-4976-933B-CE098FC9D876}.Release|Any CPU.Build.0 = Release|Any CPU
	EndGlobalSection
	GlobalSection(SolutionProperties) = preSolution
		HideSolutionNode = FALSE
	EndGlobalSection
	GlobalSection(ExtensibilityGlobals) = postSolution
		SolutionGuid = {A913C8C2-2768-45F9-A881-D2A9C21F3D7D}
	EndGlobalSection
EndGlobal
